// !$*UTF8*$!
{
	archiveVersion = 1;
	classes = {
	};
	objectVersion = 50;
	objects = {

/* Begin PBXBuildFile section */
		5916F63E7FE1CF64B8A1C11E /* Pods_PSI.framework in Frameworks */ = {isa = PBXBuildFile; fileRef = 41615E2515A6F0ACC5B26566 /* Pods_PSI.framework */; };
		C10FE00120822C0300E06D08 /* AppDelegate.swift in Sources */ = {isa = PBXBuildFile; fileRef = C10FE00020822C0300E06D08 /* AppDelegate.swift */; };
		C10FE00320822C0300E06D08 /* ViewController.swift in Sources */ = {isa = PBXBuildFile; fileRef = C10FE00220822C0300E06D08 /* ViewController.swift */; };
		C10FE00620822C0300E06D08 /* Main.storyboard in Resources */ = {isa = PBXBuildFile; fileRef = C10FE00420822C0300E06D08 /* Main.storyboard */; };
		C10FE00820822C0400E06D08 /* Assets.xcassets in Resources */ = {isa = PBXBuildFile; fileRef = C10FE00720822C0400E06D08 /* Assets.xcassets */; };
		C10FE00B20822C0400E06D08 /* LaunchScreen.storyboard in Resources */ = {isa = PBXBuildFile; fileRef = C10FE00920822C0400E06D08 /* LaunchScreen.storyboard */; };
		C10FE01620822C0400E06D08 /* PSITests.swift in Sources */ = {isa = PBXBuildFile; fileRef = C10FE01520822C0400E06D08 /* PSITests.swift */; };
		C10FE02220822F0900E06D08 /* Region.swift in Sources */ = {isa = PBXBuildFile; fileRef = C10FE02120822F0900E06D08 /* Region.swift */; };
		C10FE0242082339900E06D08 /* Location.swift in Sources */ = {isa = PBXBuildFile; fileRef = C10FE0232082339900E06D08 /* Location.swift */; };
		C10FE0262082347400E06D08 /* Psi.swift in Sources */ = {isa = PBXBuildFile; fileRef = C10FE0252082347400E06D08 /* Psi.swift */; };
		C10FE0292082351C00E06D08 /* PSIApi.swift in Sources */ = {isa = PBXBuildFile; fileRef = C10FE0282082351C00E06D08 /* PSIApi.swift */; };
		C10FE02B2082386900E06D08 /* Reading.swift in Sources */ = {isa = PBXBuildFile; fileRef = C10FE02A2082386900E06D08 /* Reading.swift */; };
		C10FE02D208238FA00E06D08 /* Readings.swift in Sources */ = {isa = PBXBuildFile; fileRef = C10FE02C208238FA00E06D08 /* Readings.swift */; };
		C10FE02F20823A5300E06D08 /* Item.swift in Sources */ = {isa = PBXBuildFile; fileRef = C10FE02E20823A5300E06D08 /* Item.swift */; };
		C10FE03120823B3600E06D08 /* APIInfo.swift in Sources */ = {isa = PBXBuildFile; fileRef = C10FE03020823B3600E06D08 /* APIInfo.swift */; };
		C10FE034208241A400E06D08 /* DateExtention.swift in Sources */ = {isa = PBXBuildFile; fileRef = C10FE033208241A400E06D08 /* DateExtention.swift */; };
		C10FE0362082490700E06D08 /* AnnotationView.swift in Sources */ = {isa = PBXBuildFile; fileRef = C10FE0352082490700E06D08 /* AnnotationView.swift */; };
		CE796C67910CB23103904B35 /* Pods_PSITests.framework in Frameworks */ = {isa = PBXBuildFile; fileRef = AE62F375354A05F59C0077E4 /* Pods_PSITests.framework */; };
/* End PBXBuildFile section */

/* Begin PBXContainerItemProxy section */
		C10FE01220822C0400E06D08 /* PBXContainerItemProxy */ = {
			isa = PBXContainerItemProxy;
			containerPortal = C10FDFF520822C0300E06D08 /* Project object */;
			proxyType = 1;
			remoteGlobalIDString = C10FDFFC20822C0300E06D08;
			remoteInfo = PSI;
		};
/* End PBXContainerItemProxy section */

/* Begin PBXFileReference section */
		3DB92C3354963FCF6E393102 /* Pods-PSI.debug.xcconfig */ = {isa = PBXFileReference; includeInIndex = 1; lastKnownFileType = text.xcconfig; name = "Pods-PSI.debug.xcconfig"; path = "Pods/Target Support Files/Pods-PSI/Pods-PSI.debug.xcconfig"; sourceTree = "<group>"; };
		41615E2515A6F0ACC5B26566 /* Pods_PSI.framework */ = {isa = PBXFileReference; explicitFileType = wrapper.framework; includeInIndex = 0; path = Pods_PSI.framework; sourceTree = BUILT_PRODUCTS_DIR; };
		6D399C2C03337B0AE0B7D544 /* Pods-PSI.release.xcconfig */ = {isa = PBXFileReference; includeInIndex = 1; lastKnownFileType = text.xcconfig; name = "Pods-PSI.release.xcconfig"; path = "Pods/Target Support Files/Pods-PSI/Pods-PSI.release.xcconfig"; sourceTree = "<group>"; };
		AE62F375354A05F59C0077E4 /* Pods_PSITests.framework */ = {isa = PBXFileReference; explicitFileType = wrapper.framework; includeInIndex = 0; path = Pods_PSITests.framework; sourceTree = BUILT_PRODUCTS_DIR; };
		C10FDFFD20822C0300E06D08 /* PSI.app */ = {isa = PBXFileReference; explicitFileType = wrapper.application; includeInIndex = 0; path = PSI.app; sourceTree = BUILT_PRODUCTS_DIR; };
		C10FE00020822C0300E06D08 /* AppDelegate.swift */ = {isa = PBXFileReference; lastKnownFileType = sourcecode.swift; path = AppDelegate.swift; sourceTree = "<group>"; };
		C10FE00220822C0300E06D08 /* ViewController.swift */ = {isa = PBXFileReference; lastKnownFileType = sourcecode.swift; path = ViewController.swift; sourceTree = "<group>"; };
		C10FE00520822C0300E06D08 /* Base */ = {isa = PBXFileReference; lastKnownFileType = file.storyboard; name = Base; path = Base.lproj/Main.storyboard; sourceTree = "<group>"; };
		C10FE00720822C0400E06D08 /* Assets.xcassets */ = {isa = PBXFileReference; lastKnownFileType = folder.assetcatalog; path = Assets.xcassets; sourceTree = "<group>"; };
		C10FE00A20822C0400E06D08 /* Base */ = {isa = PBXFileReference; lastKnownFileType = file.storyboard; name = Base; path = Base.lproj/LaunchScreen.storyboard; sourceTree = "<group>"; };
		C10FE00C20822C0400E06D08 /* Info.plist */ = {isa = PBXFileReference; lastKnownFileType = text.plist.xml; path = Info.plist; sourceTree = "<group>"; };
		C10FE01120822C0400E06D08 /* PSITests.xctest */ = {isa = PBXFileReference; explicitFileType = wrapper.cfbundle; includeInIndex = 0; path = PSITests.xctest; sourceTree = BUILT_PRODUCTS_DIR; };
		C10FE01520822C0400E06D08 /* PSITests.swift */ = {isa = PBXFileReference; lastKnownFileType = sourcecode.swift; path = PSITests.swift; sourceTree = "<group>"; };
		C10FE01720822C0400E06D08 /* Info.plist */ = {isa = PBXFileReference; lastKnownFileType = text.plist.xml; path = Info.plist; sourceTree = "<group>"; };
		C10FE02120822F0900E06D08 /* Region.swift */ = {isa = PBXFileReference; lastKnownFileType = sourcecode.swift; path = Region.swift; sourceTree = "<group>"; };
		C10FE0232082339900E06D08 /* Location.swift */ = {isa = PBXFileReference; lastKnownFileType = sourcecode.swift; path = Location.swift; sourceTree = "<group>"; };
		C10FE0252082347400E06D08 /* Psi.swift */ = {isa = PBXFileReference; lastKnownFileType = sourcecode.swift; path = Psi.swift; sourceTree = "<group>"; };
		C10FE0282082351C00E06D08 /* PSIApi.swift */ = {isa = PBXFileReference; lastKnownFileType = sourcecode.swift; path = PSIApi.swift; sourceTree = "<group>"; };
		C10FE02A2082386900E06D08 /* Reading.swift */ = {isa = PBXFileReference; lastKnownFileType = sourcecode.swift; path = Reading.swift; sourceTree = "<group>"; };
		C10FE02C208238FA00E06D08 /* Readings.swift */ = {isa = PBXFileReference; lastKnownFileType = sourcecode.swift; path = Readings.swift; sourceTree = "<group>"; };
		C10FE02E20823A5300E06D08 /* Item.swift */ = {isa = PBXFileReference; lastKnownFileType = sourcecode.swift; path = Item.swift; sourceTree = "<group>"; };
		C10FE03020823B3600E06D08 /* APIInfo.swift */ = {isa = PBXFileReference; lastKnownFileType = sourcecode.swift; path = APIInfo.swift; sourceTree = "<group>"; };
		C10FE033208241A400E06D08 /* DateExtention.swift */ = {isa = PBXFileReference; lastKnownFileType = sourcecode.swift; path = DateExtention.swift; sourceTree = "<group>"; };
		C10FE0352082490700E06D08 /* AnnotationView.swift */ = {isa = PBXFileReference; lastKnownFileType = sourcecode.swift; path = AnnotationView.swift; sourceTree = "<group>"; };
		F51BC1D75CC242A7B0E9273C /* Pods-PSITests.release.xcconfig */ = {isa = PBXFileReference; includeInIndex = 1; lastKnownFileType = text.xcconfig; name = "Pods-PSITests.release.xcconfig"; path = "Pods/Target Support Files/Pods-PSITests/Pods-PSITests.release.xcconfig"; sourceTree = "<group>"; };
		FA99B95A3235A559016C5B2C /* Pods-PSITests.debug.xcconfig */ = {isa = PBXFileReference; includeInIndex = 1; lastKnownFileType = text.xcconfig; name = "Pods-PSITests.debug.xcconfig"; path = "Pods/Target Support Files/Pods-PSITests/Pods-PSITests.debug.xcconfig"; sourceTree = "<group>"; };
/* End PBXFileReference section */

/* Begin PBXFrameworksBuildPhase section */
		C10FDFFA20822C0300E06D08 /* Frameworks */ = {
			isa = PBXFrameworksBuildPhase;
			buildActionMask = 2147483647;
			files = (
				5916F63E7FE1CF64B8A1C11E /* Pods_PSI.framework in Frameworks */,
			);
			runOnlyForDeploymentPostprocessing = 0;
		};
		C10FE00E20822C0400E06D08 /* Frameworks */ = {
			isa = PBXFrameworksBuildPhase;
			buildActionMask = 2147483647;
			files = (
				CE796C67910CB23103904B35 /* Pods_PSITests.framework in Frameworks */,
			);
			runOnlyForDeploymentPostprocessing = 0;
		};
/* End PBXFrameworksBuildPhase section */

/* Begin PBXGroup section */
		C10FDFF420822C0300E06D08 = {
			isa = PBXGroup;
			children = (
				C10FDFFF20822C0300E06D08 /* PSI */,
				C10FE01420822C0400E06D08 /* PSITests */,
				C10FDFFE20822C0300E06D08 /* Products */,
				E12E6EFA1011A475223D242F /* Pods */,
				DA89331AD034089FB1D37A03 /* Frameworks */,
			);
			sourceTree = "<group>";
		};
		C10FDFFE20822C0300E06D08 /* Products */ = {
			isa = PBXGroup;
			children = (
				C10FDFFD20822C0300E06D08 /* PSI.app */,
				C10FE01120822C0400E06D08 /* PSITests.xctest */,
			);
			name = Products;
			sourceTree = "<group>";
		};
		C10FDFFF20822C0300E06D08 /* PSI */ = {
			isa = PBXGroup;
			children = (
				C10FE03A2082690100E06D08 /* CustomView */,
				C10FE0322082417B00E06D08 /* Util */,
				C10FE0272082350200E06D08 /* Network */,
				C10FE02020822ED300E06D08 /* Model */,
				C10FE00020822C0300E06D08 /* AppDelegate.swift */,
				C10FE00220822C0300E06D08 /* ViewController.swift */,
				C10FE00420822C0300E06D08 /* Main.storyboard */,
				C10FE00720822C0400E06D08 /* Assets.xcassets */,
				C10FE00920822C0400E06D08 /* LaunchScreen.storyboard */,
				C10FE00C20822C0400E06D08 /* Info.plist */,
			);
			path = PSI;
			sourceTree = "<group>";
		};
		C10FE01420822C0400E06D08 /* PSITests */ = {
			isa = PBXGroup;
			children = (
				C10FE01520822C0400E06D08 /* PSITests.swift */,
				C10FE01720822C0400E06D08 /* Info.plist */,
			);
			path = PSITests;
			sourceTree = "<group>";
		};
		C10FE02020822ED300E06D08 /* Model */ = {
			isa = PBXGroup;
			children = (
				C10FE0252082347400E06D08 /* Psi.swift */,
				C10FE02120822F0900E06D08 /* Region.swift */,
				C10FE0232082339900E06D08 /* Location.swift */,
				C10FE02A2082386900E06D08 /* Reading.swift */,
				C10FE02C208238FA00E06D08 /* Readings.swift */,
				C10FE02E20823A5300E06D08 /* Item.swift */,
				C10FE03020823B3600E06D08 /* APIInfo.swift */,
			);
			path = Model;
			sourceTree = "<group>";
		};
		C10FE0272082350200E06D08 /* Network */ = {
			isa = PBXGroup;
			children = (
				C10FE0282082351C00E06D08 /* PSIApi.swift */,
			);
			path = Network;
			sourceTree = "<group>";
		};
		C10FE0322082417B00E06D08 /* Util */ = {
			isa = PBXGroup;
			children = (
				C10FE033208241A400E06D08 /* DateExtention.swift */,
			);
			path = Util;
			sourceTree = "<group>";
		};
		C10FE03A2082690100E06D08 /* CustomView */ = {
			isa = PBXGroup;
			children = (
				C10FE0352082490700E06D08 /* AnnotationView.swift */,
			);
			path = CustomView;
			sourceTree = "<group>";
		};
		DA89331AD034089FB1D37A03 /* Frameworks */ = {
			isa = PBXGroup;
			children = (
				41615E2515A6F0ACC5B26566 /* Pods_PSI.framework */,
				AE62F375354A05F59C0077E4 /* Pods_PSITests.framework */,
			);
			name = Frameworks;
			sourceTree = "<group>";
		};
		E12E6EFA1011A475223D242F /* Pods */ = {
			isa = PBXGroup;
			children = (
				3DB92C3354963FCF6E393102 /* Pods-PSI.debug.xcconfig */,
				6D399C2C03337B0AE0B7D544 /* Pods-PSI.release.xcconfig */,
				FA99B95A3235A559016C5B2C /* Pods-PSITests.debug.xcconfig */,
				F51BC1D75CC242A7B0E9273C /* Pods-PSITests.release.xcconfig */,
			);
			name = Pods;
			sourceTree = "<group>";
		};
/* End PBXGroup section */

/* Begin PBXNativeTarget section */
		C10FDFFC20822C0300E06D08 /* PSI */ = {
			isa = PBXNativeTarget;
			buildConfigurationList = C10FE01A20822C0400E06D08 /* Build configuration list for PBXNativeTarget "PSI" */;
			buildPhases = (
				3B9511ACD530F9040758809C /* [CP] Check Pods Manifest.lock */,
				C10FDFF920822C0300E06D08 /* Sources */,
				C10FDFFA20822C0300E06D08 /* Frameworks */,
				C10FDFFB20822C0300E06D08 /* Resources */,
				689A80A4A067495F9B5569F8 /* [CP] Embed Pods Frameworks */,
			);
			buildRules = (
			);
			dependencies = (
			);
			name = PSI;
			productName = PSI;
			productReference = C10FDFFD20822C0300E06D08 /* PSI.app */;
			productType = "com.apple.product-type.application";
		};
		C10FE01020822C0400E06D08 /* PSITests */ = {
			isa = PBXNativeTarget;
			buildConfigurationList = C10FE01D20822C0400E06D08 /* Build configuration list for PBXNativeTarget "PSITests" */;
			buildPhases = (
				CC63EF73BDCCC9D03ED1A0C0 /* [CP] Check Pods Manifest.lock */,
				C10FE00D20822C0400E06D08 /* Sources */,
				C10FE00E20822C0400E06D08 /* Frameworks */,
				C10FE00F20822C0400E06D08 /* Resources */,
			);
			buildRules = (
			);
			dependencies = (
				C10FE01320822C0400E06D08 /* PBXTargetDependency */,
			);
			name = PSITests;
			productName = PSITests;
			productReference = C10FE01120822C0400E06D08 /* PSITests.xctest */;
			productType = "com.apple.product-type.bundle.unit-test";
		};
/* End PBXNativeTarget section */

/* Begin PBXProject section */
		C10FDFF520822C0300E06D08 /* Project object */ = {
			isa = PBXProject;
			attributes = {
				LastSwiftUpdateCheck = 0930;
				LastUpgradeCheck = 0930;
				ORGANIZATIONNAME = "Muchamad Chozinul Amri";
				TargetAttributes = {
					C10FDFFC20822C0300E06D08 = {
						CreatedOnToolsVersion = 9.3;
					};
					C10FE01020822C0400E06D08 = {
						CreatedOnToolsVersion = 9.3;
						TestTargetID = C10FDFFC20822C0300E06D08;
					};
				};
			};
			buildConfigurationList = C10FDFF820822C0300E06D08 /* Build configuration list for PBXProject "PSI" */;
			compatibilityVersion = "Xcode 9.3";
			developmentRegion = en;
			hasScannedForEncodings = 0;
			knownRegions = (
				en,
				Base,
			);
			mainGroup = C10FDFF420822C0300E06D08;
			productRefGroup = C10FDFFE20822C0300E06D08 /* Products */;
			projectDirPath = "";
			projectRoot = "";
			targets = (
				C10FDFFC20822C0300E06D08 /* PSI */,
				C10FE01020822C0400E06D08 /* PSITests */,
			);
		};
/* End PBXProject section */

/* Begin PBXResourcesBuildPhase section */
		C10FDFFB20822C0300E06D08 /* Resources */ = {
			isa = PBXResourcesBuildPhase;
			buildActionMask = 2147483647;
			files = (
				C10FE00B20822C0400E06D08 /* LaunchScreen.storyboard in Resources */,
				C10FE00820822C0400E06D08 /* Assets.xcassets in Resources */,
				C10FE00620822C0300E06D08 /* Main.storyboard in Resources */,
			);
			runOnlyForDeploymentPostprocessing = 0;
		};
		C10FE00F20822C0400E06D08 /* Resources */ = {
			isa = PBXResourcesBuildPhase;
			buildActionMask = 2147483647;
			files = (
			);
			runOnlyForDeploymentPostprocessing = 0;
		};
/* End PBXResourcesBuildPhase section */

/* Begin PBXShellScriptBuildPhase section */
		3B9511ACD530F9040758809C /* [CP] Check Pods Manifest.lock */ = {
			isa = PBXShellScriptBuildPhase;
			buildActionMask = 2147483647;
			files = (
			);
			inputPaths = (
				"${PODS_PODFILE_DIR_PATH}/Podfile.lock",
				"${PODS_ROOT}/Manifest.lock",
			);
			name = "[CP] Check Pods Manifest.lock";
			outputPaths = (
				"$(DERIVED_FILE_DIR)/Pods-PSI-checkManifestLockResult.txt",
			);
			runOnlyForDeploymentPostprocessing = 0;
			shellPath = /bin/sh;
			shellScript = "diff \"${PODS_PODFILE_DIR_PATH}/Podfile.lock\" \"${PODS_ROOT}/Manifest.lock\" > /dev/null\nif [ $? != 0 ] ; then\n    # print error to STDERR\n    echo \"error: The sandbox is not in sync with the Podfile.lock. Run 'pod install' or update your CocoaPods installation.\" >&2\n    exit 1\nfi\n# This output is used by Xcode 'outputs' to avoid re-running this script phase.\necho \"SUCCESS\" > \"${SCRIPT_OUTPUT_FILE_0}\"\n";
			showEnvVarsInLog = 0;
		};
		689A80A4A067495F9B5569F8 /* [CP] Embed Pods Frameworks */ = {
			isa = PBXShellScriptBuildPhase;
			buildActionMask = 2147483647;
			files = (
			);
			inputPaths = (
				"${SRCROOT}/Pods/Target Support Files/Pods-PSI/Pods-PSI-frameworks.sh",
				"${BUILT_PRODUCTS_DIR}/Alamofire/Alamofire.framework",
				"${BUILT_PRODUCTS_DIR}/AlamofireObjectMapper/AlamofireObjectMapper.framework",
				"${BUILT_PRODUCTS_DIR}/ObjectMapper/ObjectMapper.framework",
			);
			name = "[CP] Embed Pods Frameworks";
			outputPaths = (
				"${TARGET_BUILD_DIR}/${FRAMEWORKS_FOLDER_PATH}/Alamofire.framework",
				"${TARGET_BUILD_DIR}/${FRAMEWORKS_FOLDER_PATH}/AlamofireObjectMapper.framework",
				"${TARGET_BUILD_DIR}/${FRAMEWORKS_FOLDER_PATH}/ObjectMapper.framework",
			);
			runOnlyForDeploymentPostprocessing = 0;
			shellPath = /bin/sh;
			shellScript = "\"${SRCROOT}/Pods/Target Support Files/Pods-PSI/Pods-PSI-frameworks.sh\"\n";
			showEnvVarsInLog = 0;
		};
		CC63EF73BDCCC9D03ED1A0C0 /* [CP] Check Pods Manifest.lock */ = {
			isa = PBXShellScriptBuildPhase;
			buildActionMask = 2147483647;
			files = (
			);
			inputPaths = (
				"${PODS_PODFILE_DIR_PATH}/Podfile.lock",
				"${PODS_ROOT}/Manifest.lock",
			);
			name = "[CP] Check Pods Manifest.lock";
			outputPaths = (
				"$(DERIVED_FILE_DIR)/Pods-PSITests-checkManifestLockResult.txt",
			);
			runOnlyForDeploymentPostprocessing = 0;
			shellPath = /bin/sh;
			shellScript = "diff \"${PODS_PODFILE_DIR_PATH}/Podfile.lock\" \"${PODS_ROOT}/Manifest.lock\" > /dev/null\nif [ $? != 0 ] ; then\n    # print error to STDERR\n    echo \"error: The sandbox is not in sync with the Podfile.lock. Run 'pod install' or update your CocoaPods installation.\" >&2\n    exit 1\nfi\n# This output is used by Xcode 'outputs' to avoid re-running this script phase.\necho \"SUCCESS\" > \"${SCRIPT_OUTPUT_FILE_0}\"\n";
			showEnvVarsInLog = 0;
		};
/* End PBXShellScriptBuildPhase section */

/* Begin PBXSourcesBuildPhase section */
		C10FDFF920822C0300E06D08 /* Sources */ = {
			isa = PBXSourcesBuildPhase;
			buildActionMask = 2147483647;
			files = (
				C10FE0262082347400E06D08 /* Psi.swift in Sources */,
				C10FE034208241A400E06D08 /* DateExtention.swift in Sources */,
				C10FE02F20823A5300E06D08 /* Item.swift in Sources */,
				C10FE02B2082386900E06D08 /* Reading.swift in Sources */,
				C10FE02220822F0900E06D08 /* Region.swift in Sources */,
				C10FE03120823B3600E06D08 /* APIInfo.swift in Sources */,
				C10FE00320822C0300E06D08 /* ViewController.swift in Sources */,
				C10FE0292082351C00E06D08 /* PSIApi.swift in Sources */,
				C10FE0242082339900E06D08 /* Location.swift in Sources */,
				C10FE02D208238FA00E06D08 /* Readings.swift in Sources */,
				C10FE0362082490700E06D08 /* AnnotationView.swift in Sources */,
				C10FE00120822C0300E06D08 /* AppDelegate.swift in Sources */,
			);
			runOnlyForDeploymentPostprocessing = 0;
		};
		C10FE00D20822C0400E06D08 /* Sources */ = {
			isa = PBXSourcesBuildPhase;
			buildActionMask = 2147483647;
			files = (
				C10FE01620822C0400E06D08 /* PSITests.swift in Sources */,
			);
			runOnlyForDeploymentPostprocessing = 0;
		};
/* End PBXSourcesBuildPhase section */

/* Begin PBXTargetDependency section */
		C10FE01320822C0400E06D08 /* PBXTargetDependency */ = {
			isa = PBXTargetDependency;
			target = C10FDFFC20822C0300E06D08 /* PSI */;
			targetProxy = C10FE01220822C0400E06D08 /* PBXContainerItemProxy */;
		};
/* End PBXTargetDependency section */

/* Begin PBXVariantGroup section */
		C10FE00420822C0300E06D08 /* Main.storyboard */ = {
			isa = PBXVariantGroup;
			children = (
				C10FE00520822C0300E06D08 /* Base */,
			);
			name = Main.storyboard;
			sourceTree = "<group>";
		};
		C10FE00920822C0400E06D08 /* LaunchScreen.storyboard */ = {
			isa = PBXVariantGroup;
			children = (
				C10FE00A20822C0400E06D08 /* Base */,
			);
			name = LaunchScreen.storyboard;
			sourceTree = "<group>";
		};
/* End PBXVariantGroup section */

/* Begin XCBuildConfiguration section */
		C10FE01820822C0400E06D08 /* Debug */ = {
			isa = XCBuildConfiguration;
			buildSettings = {
				ALWAYS_SEARCH_USER_PATHS = NO;
				CLANG_ANALYZER_NONNULL = YES;
				CLANG_ANALYZER_NUMBER_OBJECT_CONVERSION = YES_AGGRESSIVE;
				CLANG_CXX_LANGUAGE_STANDARD = "gnu++14";
				CLANG_CXX_LIBRARY = "libc++";
				CLANG_ENABLE_MODULES = YES;
				CLANG_ENABLE_OBJC_ARC = YES;
				CLANG_ENABLE_OBJC_WEAK = YES;
				CLANG_WARN_BLOCK_CAPTURE_AUTORELEASING = YES;
				CLANG_WARN_BOOL_CONVERSION = YES;
				CLANG_WARN_COMMA = YES;
				CLANG_WARN_CONSTANT_CONVERSION = YES;
				CLANG_WARN_DEPRECATED_OBJC_IMPLEMENTATIONS = YES;
				CLANG_WARN_DIRECT_OBJC_ISA_USAGE = YES_ERROR;
				CLANG_WARN_DOCUMENTATION_COMMENTS = YES;
				CLANG_WARN_EMPTY_BODY = YES;
				CLANG_WARN_ENUM_CONVERSION = YES;
				CLANG_WARN_INFINITE_RECURSION = YES;
				CLANG_WARN_INT_CONVERSION = YES;
				CLANG_WARN_NON_LITERAL_NULL_CONVERSION = YES;
				CLANG_WARN_OBJC_IMPLICIT_RETAIN_SELF = YES;
				CLANG_WARN_OBJC_LITERAL_CONVERSION = YES;
				CLANG_WARN_OBJC_ROOT_CLASS = YES_ERROR;
				CLANG_WARN_RANGE_LOOP_ANALYSIS = YES;
				CLANG_WARN_STRICT_PROTOTYPES = YES;
				CLANG_WARN_SUSPICIOUS_MOVE = YES;
				CLANG_WARN_UNGUARDED_AVAILABILITY = YES_AGGRESSIVE;
				CLANG_WARN_UNREACHABLE_CODE = YES;
				CLANG_WARN__DUPLICATE_METHOD_MATCH = YES;
				CODE_SIGN_IDENTITY = "iPhone Developer";
				COPY_PHASE_STRIP = NO;
				DEBUG_INFORMATION_FORMAT = dwarf;
				ENABLE_STRICT_OBJC_MSGSEND = YES;
				ENABLE_TESTABILITY = YES;
				GCC_C_LANGUAGE_STANDARD = gnu11;
				GCC_DYNAMIC_NO_PIC = NO;
				GCC_NO_COMMON_BLOCKS = YES;
				GCC_OPTIMIZATION_LEVEL = 0;
				GCC_PREPROCESSOR_DEFINITIONS = (
					"DEBUG=1",
					"$(inherited)",
				);
				GCC_WARN_64_TO_32_BIT_CONVERSION = YES;
				GCC_WARN_ABOUT_RETURN_TYPE = YES_ERROR;
				GCC_WARN_UNDECLARED_SELECTOR = YES;
				GCC_WARN_UNINITIALIZED_AUTOS = YES_AGGRESSIVE;
				GCC_WARN_UNUSED_FUNCTION = YES;
				GCC_WARN_UNUSED_VARIABLE = YES;
				IPHONEOS_DEPLOYMENT_TARGET = 11.3;
				MTL_ENABLE_DEBUG_INFO = YES;
				ONLY_ACTIVE_ARCH = YES;
				SDKROOT = iphoneos;
				SWIFT_ACTIVE_COMPILATION_CONDITIONS = DEBUG;
				SWIFT_OPTIMIZATION_LEVEL = "-Onone";
			};
			name = Debug;
		};
		C10FE01920822C0400E06D08 /* Release */ = {
			isa = XCBuildConfiguration;
			buildSettings = {
				ALWAYS_SEARCH_USER_PATHS = NO;
				CLANG_ANALYZER_NONNULL = YES;
				CLANG_ANALYZER_NUMBER_OBJECT_CONVERSION = YES_AGGRESSIVE;
				CLANG_CXX_LANGUAGE_STANDARD = "gnu++14";
				CLANG_CXX_LIBRARY = "libc++";
				CLANG_ENABLE_MODULES = YES;
				CLANG_ENABLE_OBJC_ARC = YES;
				CLANG_ENABLE_OBJC_WEAK = YES;
				CLANG_WARN_BLOCK_CAPTURE_AUTORELEASING = YES;
				CLANG_WARN_BOOL_CONVERSION = YES;
				CLANG_WARN_COMMA = YES;
				CLANG_WARN_CONSTANT_CONVERSION = YES;
				CLANG_WARN_DEPRECATED_OBJC_IMPLEMENTATIONS = YES;
				CLANG_WARN_DIRECT_OBJC_ISA_USAGE = YES_ERROR;
				CLANG_WARN_DOCUMENTATION_COMMENTS = YES;
				CLANG_WARN_EMPTY_BODY = YES;
				CLANG_WARN_ENUM_CONVERSION = YES;
				CLANG_WARN_INFINITE_RECURSION = YES;
				CLANG_WARN_INT_CONVERSION = YES;
				CLANG_WARN_NON_LITERAL_NULL_CONVERSION = YES;
				CLANG_WARN_OBJC_IMPLICIT_RETAIN_SELF = YES;
				CLANG_WARN_OBJC_LITERAL_CONVERSION = YES;
				CLANG_WARN_OBJC_ROOT_CLASS = YES_ERROR;
				CLANG_WARN_RANGE_LOOP_ANALYSIS = YES;
				CLANG_WARN_STRICT_PROTOTYPES = YES;
				CLANG_WARN_SUSPICIOUS_MOVE = YES;
				CLANG_WARN_UNGUARDED_AVAILABILITY = YES_AGGRESSIVE;
				CLANG_WARN_UNREACHABLE_CODE = YES;
				CLANG_WARN__DUPLICATE_METHOD_MATCH = YES;
				CODE_SIGN_IDENTITY = "iPhone Developer";
				COPY_PHASE_STRIP = NO;
				DEBUG_INFORMATION_FORMAT = "dwarf-with-dsym";
				ENABLE_NS_ASSERTIONS = NO;
				ENABLE_STRICT_OBJC_MSGSEND = YES;
				GCC_C_LANGUAGE_STANDARD = gnu11;
				GCC_NO_COMMON_BLOCKS = YES;
				GCC_WARN_64_TO_32_BIT_CONVERSION = YES;
				GCC_WARN_ABOUT_RETURN_TYPE = YES_ERROR;
				GCC_WARN_UNDECLARED_SELECTOR = YES;
				GCC_WARN_UNINITIALIZED_AUTOS = YES_AGGRESSIVE;
				GCC_WARN_UNUSED_FUNCTION = YES;
				GCC_WARN_UNUSED_VARIABLE = YES;
				IPHONEOS_DEPLOYMENT_TARGET = 11.3;
				MTL_ENABLE_DEBUG_INFO = NO;
				SDKROOT = iphoneos;
				SWIFT_COMPILATION_MODE = wholemodule;
				SWIFT_OPTIMIZATION_LEVEL = "-O";
				VALIDATE_PRODUCT = YES;
			};
			name = Release;
		};
		C10FE01B20822C0400E06D08 /* Debug */ = {
			isa = XCBuildConfiguration;
			baseConfigurationReference = 3DB92C3354963FCF6E393102 /* Pods-PSI.debug.xcconfig */;
			buildSettings = {
				ASSETCATALOG_COMPILER_APPICON_NAME = AppIcon;
				CODE_SIGN_STYLE = Automatic;
				DEVELOPMENT_TEAM = 9T73B6L4GQ;
				INFOPLIST_FILE = PSI/Info.plist;
				IPHONEOS_DEPLOYMENT_TARGET = 10.0;
				LD_RUNPATH_SEARCH_PATHS = (
					"$(inherited)",
					"@executable_path/Frameworks",
				);
				PRODUCT_BUNDLE_IDENTIFIER = com.chozinul.PSI;
				PRODUCT_NAME = "$(TARGET_NAME)";
				SWIFT_VERSION = 4.0;
				TARGETED_DEVICE_FAMILY = "1,2";
			};
			name = Debug;
		};
		C10FE01C20822C0400E06D08 /* Release */ = {
			isa = XCBuildConfiguration;
			baseConfigurationReference = 6D399C2C03337B0AE0B7D544 /* Pods-PSI.release.xcconfig */;
			buildSettings = {
				ASSETCATALOG_COMPILER_APPICON_NAME = AppIcon;
				CODE_SIGN_STYLE = Automatic;
				DEVELOPMENT_TEAM = 9T73B6L4GQ;
				INFOPLIST_FILE = PSI/Info.plist;
				IPHONEOS_DEPLOYMENT_TARGET = 10.0;
				LD_RUNPATH_SEARCH_PATHS = (
					"$(inherited)",
					"@executable_path/Frameworks",
				);
				PRODUCT_BUNDLE_IDENTIFIER = com.chozinul.PSI;
				PRODUCT_NAME = "$(TARGET_NAME)";
				SWIFT_VERSION = 4.0;
				TARGETED_DEVICE_FAMILY = "1,2";
			};
			name = Release;
		};
		C10FE01E20822C0400E06D08 /* Debug */ = {
			isa = XCBuildConfiguration;
			baseConfigurationReference = FA99B95A3235A559016C5B2C /* Pods-PSITests.debug.xcconfig */;
			buildSettings = {
				ALWAYS_EMBED_SWIFT_STANDARD_LIBRARIES = YES;
				BUNDLE_LOADER = "$(TEST_HOST)";
				CODE_SIGN_STYLE = Automatic;
				DEVELOPMENT_TEAM = 9T73B6L4GQ;
				INFOPLIST_FILE = PSITests/Info.plist;
				LD_RUNPATH_SEARCH_PATHS = (
					"$(inherited)",
					"@executable_path/Frameworks",
					"@loader_path/Frameworks",
				);
				PRODUCT_BUNDLE_IDENTIFIER = com.chozinul.ios.PSITests;
				PRODUCT_NAME = "$(TARGET_NAME)";
				SWIFT_VERSION = 4.0;
				TARGETED_DEVICE_FAMILY = "1,2";
				TEST_HOST = "$(BUILT_PRODUCTS_DIR)/PSI.app/PSI";
			};
			name = Debug;
		};
		C10FE01F20822C0400E06D08 /* Release */ = {
			isa = XCBuildConfiguration;
			baseConfigurationReference = F51BC1D75CC242A7B0E9273C /* Pods-PSITests.release.xcconfig */;
			buildSettings = {
				ALWAYS_EMBED_SWIFT_STANDARD_LIBRARIES = YES;
				BUNDLE_LOADER = "$(TEST_HOST)";
				CODE_SIGN_STYLE = Automatic;
				DEVELOPMENT_TEAM = 9T73B6L4GQ;
				INFOPLIST_FILE = PSITests/Info.plist;
				LD_RUNPATH_SEARCH_PATHS = (
					"$(inherited)",
					"@executable_path/Frameworks",
					"@loader_path/Frameworks",
				);
				PRODUCT_BUNDLE_IDENTIFIER = com.chozinul.ios.PSITests;
				PRODUCT_NAME = "$(TARGET_NAME)";
				SWIFT_VERSION = 4.0;
				TARGETED_DEVICE_FAMILY = "1,2";
				TEST_HOST = "$(BUILT_PRODUCTS_DIR)/PSI.app/PSI";
			};
			name = Release;
		};
/* End XCBuildConfiguration section */

/* Begin XCConfigurationList section */
		C10FDFF820822C0300E06D08 /* Build configuration list for PBXProject "PSI" */ = {
			isa = XCConfigurationList;
			buildConfigurations = (
				C10FE01820822C0400E06D08 /* Debug */,
				C10FE01920822C0400E06D08 /* Release */,
			);
			defaultConfigurationIsVisible = 0;
			defaultConfigurationName = Release;
		};
		C10FE01A20822C0400E06D08 /* Build configuration list for PBXNativeTarget "PSI" */ = {
			isa = XCConfigurationList;
			buildConfigurations = (
				C10FE01B20822C0400E06D08 /* Debug */,
				C10FE01C20822C0400E06D08 /* Release */,
			);
			defaultConfigurationIsVisible = 0;
			defaultConfigurationName = Release;
		};
		C10FE01D20822C0400E06D08 /* Build configuration list for PBXNativeTarget "PSITests" */ = {
			isa = XCConfigurationList;
			buildConfigurations = (
				C10FE01E20822C0400E06D08 /* Debug */,
				C10FE01F20822C0400E06D08 /* Release */,
			);
			defaultConfigurationIsVisible = 0;
			defaultConfigurationName = Release;
		};
/* End XCConfigurationList section */
	};
	rootObject = C10FDFF520822C0300E06D08 /* Project object */;
}
